# THIS IS AN AUTOGENERATED FILE. DO NOT EDIT THIS FILE DIRECTLY.
# yarn lockfile v1


"@napi-rs/cli@^2.4.4":
  version "2.6.2"
  resolved "https://registry.yarnpkg.com/@napi-rs/cli/-/cli-2.6.2.tgz#9b6e3e8649c93d138cd8df8072cea8ddcf2ac6e6"
  integrity sha512-EmH+DQDEBUIoqMim0cc+X96ImtcIZLFjgW5WWORpzYnA9Ug7zNPO7jCLMhIQRd/p5AdWaXrT4SVXc/aip09rKQ==
