# THIS IS AN AUTOGENERATED FILE. DO NOT EDIT THIS FILE DIRECTLY.
# yarn lockfile v1


"@napi-rs/cli@^2.4.0":
  version "2.4.0"
  resolved "https://registry.yarnpkg.com/@napi-rs/cli/-/cli-2.4.0.tgz#a74d991e12871d6fb8eb32b33cc53a9c105b1921"
  integrity sha512-rq4ivqWY7KWG104gRxTmWyehE4eUxJ/mBJx81r3PeghtLZ11NpJNuvF9kSvsol8hTjJQ7CWlF2plQ20I9rMOng==
